
Microsoft Visual Studio Solution File, Format Version 12.00
# Visual Studio Version 16
VisualStudioVersion = 16.0.30523.141
MinimumVisualStudioVersion = 10.0.40219.1
Project("{FAE04EC0-301F-11D3-BF4B-00C04F79EFBC}") = "Codingame.Contest.DevApp", "Codingame.Contest.DevApp\Codingame.Contest.DevApp.csproj", "{94264227-1A0D-42D1-BD99-DE85AF2761E7}"
EndProject
Project("{FAE04EC0-301F-11D3-BF4B-00C04F79EFBC}") = "Codingame.Contest.ReleaseApp", "Codingame.Contest.ReleaseApp\Codingame.Contest.ReleaseApp.csproj", "{9F963121-9F4D-4FE9-BA1E-915EBB5DA5BB}"
EndProject
Project("{9A19103F-16F7-4668-BE54-9A1E7A4F7556}") = "Codingame.Build", "Codingame.Build\Codingame.Build.csproj", "{52E126FD-62B6-43FA-9ECA-F77986EC227F}"
EndProject
Global
	GlobalSection(SolutionConfigurationPlatforms) = preSolution
		Debug|Any CPU = Debug|Any CPU
		Release|Any CPU = Release|Any CPU
	EndGlobalSection
	GlobalSection(ProjectConfigurationPlatforms) = postSolution
		{94264227-1A0D-42D1-BD99-DE85AF2761E7}.Debug|Any CPU.ActiveCfg = Debug|Any CPU
		{94264227-1A0D-42D1-BD99-DE85AF2761E7}.Debug|Any CPU.Build.0 = Debug|Any CPU
		{94264227-1A0D-42D1-BD99-DE85AF2761E7}.Release|Any CPU.ActiveCfg = Release|Any CPU
		{94264227-1A0D-42D1-BD99-DE85AF2761E7}.Release|Any CPU.Build.0 = Release|Any CPU
		{9F963121-9F4D-4FE9-BA1E-915EBB5DA5BB}.Debug|Any CPU.ActiveCfg = Debug|Any CPU
		{9F963121-9F4D-4FE9-BA1E-915EBB5DA5BB}.Debug|Any CPU.Build.0 = Debug|Any CPU
		{9F963121-9F4D-4FE9-BA1E-915EBB5DA5BB}.Release|Any CPU.ActiveCfg = Release|Any CPU
		{9F963121-9F4D-4FE9-BA1E-915EBB5DA5BB}.Release|Any CPU.Build.0 = Release|Any CPU
		{52E126FD-62B6-43FA-9ECA-F77986EC227F}.Debug|Any CPU.ActiveCfg = Debug|Any CPU
		{52E126FD-62B6-43FA-9ECA-F77986EC227F}.Debug|Any CPU.Build.0 = Debug|Any CPU
		{52E126FD-62B6-43FA-9ECA-F77986EC227F}.Release|Any CPU.ActiveCfg = Release|Any CPU
		{52E126FD-62B6-43FA-9ECA-F77986EC227F}.Release|Any CPU.Build.0 = Release|Any CPU
	EndGlobalSection
	GlobalSection(SolutionProperties) = preSolution
		HideSolutionNode = FALSE
	EndGlobalSection
	GlobalSection(ExtensibilityGlobals) = postSolution
		SolutionGuid = {AD4FC92B-8025-4E6A-99BD-1EAC33836A6A}
	EndGlobalSection
EndGlobal
